
Microsoft Visual Studio Solution File, Format Version 12.00
# Visual Studio 15
VisualStudioVersion = 15.0.28307.102
MinimumVisualStudioVersion = 10.0.40219.1
Project("{FAE04EC0-301F-11D3-BF4B-00C04F79EFBC}") = "Homework 1", "Homework 1\Homework 1.csproj", "{3F678242-F937-461B-9540-12132070AEBE}"
EndProject
Global
	GlobalSection(SolutionConfigurationPlatforms) = preSolution
		Debug|Any CPU = Debug|Any CPU
		Release|Any CPU = Release|Any CPU
	EndGlobalSection
	GlobalSection(ProjectConfigurationPlatforms) = postSolution
		{3F678242-F937-461B-9540-12132070AEBE}.Debug|Any CPU.ActiveCfg = Debug|Any CPU
		{3F678242-F937-461B-9540-12132070AEBE}.Debug|Any CPU.Build.0 = Debug|Any CPU
		{3F678242-F937-461B-9540-12132070AEBE}.Release|Any CPU.ActiveCfg = Release|Any CPU
		{3F678242-F937-461B-9540-12132070AEBE}.Release|Any CPU.Build.0 = Release|Any CPU
	EndGlobalSection
	GlobalSection(SolutionProperties) = preSolution
		HideSolutionNode = FALSE
	EndGlobalSection
	GlobalSection(ExtensibilityGlobals) = postSolution
		SolutionGuid = {F1CC1F14-795D-4F9A-AFE8-E53EFF41F4F8}
	EndGlobalSection
EndGlobal
